Microsoft Visual Studio Solution File, Format Version 11.00
# Visual Studio 2008

Project("{CEBCB8F3-6216-5296-8597-57136E999E77}") = "WarmUpEx", "Assembly-CSharp-firstpass.csproj", "{8EDB58AD-ED0A-C1B0-393E-B1565943670D}"
EndProject
Project("{CEBCB8F3-6216-5296-8597-57136E999E77}") = "WarmUpEx", "Assembly-CSharp.csproj", "{21BF0AE2-2EE0-F9DC-D3D4-CA8EB5EDF0FE}"
EndProject
Project("{CEBCB8F3-6216-5296-8597-57136E999E77}") = "WarmUpEx", "Assembly-UnityScript.unityproj", "{FE5D0EB7-6EC4-B1DD-42D1-54C22602D301}"
EndProject
Global
	GlobalSection(SolutionConfigurationPlatforms) = preSolution
		Debug|Any CPU = Debug|Any CPU
		Release|Any CPU = Release|Any CPU
	EndGlobalSection
	GlobalSection(ProjectConfigurationPlatforms) = postSolution
		{8EDB58AD-ED0A-C1B0-393E-B1565943670D}.Debug|Any CPU.ActiveCfg = Debug|Any CPU
		{8EDB58AD-ED0A-C1B0-393E-B1565943670D}.Debug|Any CPU.Build.0 = Debug|Any CPU
		{8EDB58AD-ED0A-C1B0-393E-B1565943670D}.Release|Any CPU.ActiveCfg = Release|Any CPU
		{8EDB58AD-ED0A-C1B0-393E-B1565943670D}.Release|Any CPU.Build.0 = Release|Any CPU
		{21BF0AE2-2EE0-F9DC-D3D4-CA8EB5EDF0FE}.Debug|Any CPU.ActiveCfg = Debug|Any CPU
		{21BF0AE2-2EE0-F9DC-D3D4-CA8EB5EDF0FE}.Debug|Any CPU.Build.0 = Debug|Any CPU
		{21BF0AE2-2EE0-F9DC-D3D4-CA8EB5EDF0FE}.Release|Any CPU.ActiveCfg = Release|Any CPU
		{21BF0AE2-2EE0-F9DC-D3D4-CA8EB5EDF0FE}.Release|Any CPU.Build.0 = Release|Any CPU
		{FE5D0EB7-6EC4-B1DD-42D1-54C22602D301}.Debug|Any CPU.ActiveCfg = Debug|Any CPU
		{FE5D0EB7-6EC4-B1DD-42D1-54C22602D301}.Debug|Any CPU.Build.0 = Debug|Any CPU
		{FE5D0EB7-6EC4-B1DD-42D1-54C22602D301}.Release|Any CPU.ActiveCfg = Release|Any CPU
		{FE5D0EB7-6EC4-B1DD-42D1-54C22602D301}.Release|Any CPU.Build.0 = Release|Any CPU
	EndGlobalSection
	GlobalSection(SolutionProperties) = preSolution
		HideSolutionNode = FALSE
	EndGlobalSection
												GlobalSection(MonoDevelopProperties) = preSolution
		StartupItem = Assembly-CSharp.csproj
		Policies = $0
		$0.TextStylePolicy = $1
		$1.inheritsSet = null
		$1.scope = text/x-csharp
		$0.CSharpFormattingPolicy = $2
		$2.inheritsSet = Mono
		$2.inheritsScope = text/x-csharp
		$2.scope = text/x-csharp
		$0.TextStylePolicy = $3
		$3.FileWidth = 120
		$3.TabWidth = 4
		$3.EolMarker = Unix
		$3.inheritsSet = Mono
		$3.inheritsScope = text/plain
		$3.scope = text/plain
	EndGlobalSection

EndGlobal
